// !$*UTF8*$!
{
	archiveVersion = 1;
	classes = {
	};
	objectVersion = 50;
	objects = {

/* Begin PBXBuildFile section */
		0527E32122ECB99B00D79952 /* MapRepresentable.swift in Sources */ = {isa = PBXBuildFile; fileRef = 0527E32022ECB99B00D79952 /* MapRepresentable.swift */; };
		054C356122ECD9C6001CA00F /* SingleEvent.swift in Sources */ = {isa = PBXBuildFile; fileRef = 054C356022ECD9C6001CA00F /* SingleEvent.swift */; };
		054C356322ECD9EA001CA00F /* EventRow.swift in Sources */ = {isa = PBXBuildFile; fileRef = 054C356222ECD9EA001CA00F /* EventRow.swift */; };
		054C356522ECDE0F001CA00F /* EventMockData.swift in Sources */ = {isa = PBXBuildFile; fileRef = 054C356422ECDE0F001CA00F /* EventMockData.swift */; };
		054C356722ECE082001CA00F /* EventModel.swift in Sources */ = {isa = PBXBuildFile; fileRef = 054C356622ECE082001CA00F /* EventModel.swift */; };
		054C356922ED0456001CA00F /* water.mp4 in Resources */ = {isa = PBXBuildFile; fileRef = 054C356822ED0456001CA00F /* water.mp4 */; };
		054C356C22ED0477001CA00F /* OceanBackground.swift in Sources */ = {isa = PBXBuildFile; fileRef = 054C356B22ED0477001CA00F /* OceanBackground.swift */; };
		055FCBAC22EE319400DB80F8 /* LocationData.swift in Sources */ = {isa = PBXBuildFile; fileRef = 055FCBAB22EE319400DB80F8 /* LocationData.swift */; };
		055FCBAE22EE3C0D00DB80F8 /* MapViewEntry.swift in Sources */ = {isa = PBXBuildFile; fileRef = 055FCBAD22EE3C0D00DB80F8 /* MapViewEntry.swift */; };
		05721BB322ECB45900DF44AC /* AppDelegate.swift in Sources */ = {isa = PBXBuildFile; fileRef = 05721BB222ECB45900DF44AC /* AppDelegate.swift */; };
		05721BB522ECB45900DF44AC /* SceneDelegate.swift in Sources */ = {isa = PBXBuildFile; fileRef = 05721BB422ECB45900DF44AC /* SceneDelegate.swift */; };
		05721BB722ECB45900DF44AC /* ContentView.swift in Sources */ = {isa = PBXBuildFile; fileRef = 05721BB622ECB45900DF44AC /* ContentView.swift */; };
		05721BB922ECB46100DF44AC /* Assets.xcassets in Resources */ = {isa = PBXBuildFile; fileRef = 05721BB822ECB46100DF44AC /* Assets.xcassets */; };
		05721BBC22ECB46100DF44AC /* Preview Assets.xcassets in Resources */ = {isa = PBXBuildFile; fileRef = 05721BBB22ECB46100DF44AC /* Preview Assets.xcassets */; };
		05721BBF22ECB46100DF44AC /* LaunchScreen.storyboard in Resources */ = {isa = PBXBuildFile; fileRef = 05721BBD22ECB46100DF44AC /* LaunchScreen.storyboard */; };
		05721BCA22ECB46100DF44AC /* FestivalTests.swift in Sources */ = {isa = PBXBuildFile; fileRef = 05721BC922ECB46100DF44AC /* FestivalTests.swift */; };
		05721BD522ECB46100DF44AC /* FestivalUITests.swift in Sources */ = {isa = PBXBuildFile; fileRef = 05721BD422ECB46100DF44AC /* FestivalUITests.swift */; };
		05721BE422ECB4BB00DF44AC /* Login.swift in Sources */ = {isa = PBXBuildFile; fileRef = 05721BE322ECB4BB00DF44AC /* Login.swift */; };
		05721BE622ECB4C100DF44AC /* Map.swift in Sources */ = {isa = PBXBuildFile; fileRef = 05721BE522ECB4C100DF44AC /* Map.swift */; };
		05721BE822ECB4C700DF44AC /* Schedule.swift in Sources */ = {isa = PBXBuildFile; fileRef = 05721BE722ECB4C700DF44AC /* Schedule.swift */; };
		05721BEA22ECB4CD00DF44AC /* Contact.swift in Sources */ = {isa = PBXBuildFile; fileRef = 05721BE922ECB4CD00DF44AC /* Contact.swift */; };
		05721BEC22ECB4DA00DF44AC /* Reservation.swift in Sources */ = {isa = PBXBuildFile; fileRef = 05721BEB22ECB4DA00DF44AC /* Reservation.swift */; };
		05B757A622EE9CB3006CF564 /* EventsState.swift in Sources */ = {isa = PBXBuildFile; fileRef = 05B757A522EE9CB3006CF564 /* EventsState.swift */; };
/* End PBXBuildFile section */

/* Begin PBXContainerItemProxy section */
		05721BC622ECB46100DF44AC /* PBXContainerItemProxy */ = {
			isa = PBXContainerItemProxy;
			containerPortal = 05721BA722ECB45900DF44AC /* Project object */;
			proxyType = 1;
			remoteGlobalIDString = 05721BAE22ECB45900DF44AC;
			remoteInfo = Festival;
		};
		05721BD122ECB46100DF44AC /* PBXContainerItemProxy */ = {
			isa = PBXContainerItemProxy;
			containerPortal = 05721BA722ECB45900DF44AC /* Project object */;
			proxyType = 1;
			remoteGlobalIDString = 05721BAE22ECB45900DF44AC;
			remoteInfo = Festival;
		};
/* End PBXContainerItemProxy section */

/* Begin PBXFileReference section */
		0527E32022ECB99B00D79952 /* MapRepresentable.swift */ = {isa = PBXFileReference; lastKnownFileType = sourcecode.swift; name = MapRepresentable.swift; path = ../../../../../../../System/Volumes/Data/Users/scottotoole/Desktop/Festival/Festival/Screens/Map/MapRepresentable.swift; sourceTree = "<group>"; };
		054C356022ECD9C6001CA00F /* SingleEvent.swift */ = {isa = PBXFileReference; lastKnownFileType = sourcecode.swift; name = SingleEvent.swift; path = ../../../../../../../System/Volumes/Data/Users/scottotoole/Desktop/Festival/Festival/Screens/Events/SingleEvent.swift; sourceTree = "<group>"; };
		054C356222ECD9EA001CA00F /* EventRow.swift */ = {isa = PBXFileReference; lastKnownFileType = sourcecode.swift; name = EventRow.swift; path = ../../../../../../../System/Volumes/Data/Users/scottotoole/Desktop/Festival/Festival/Screens/Events/EventRow.swift; sourceTree = "<group>"; };
		054C356422ECDE0F001CA00F /* EventMockData.swift */ = {isa = PBXFileReference; lastKnownFileType = sourcecode.swift; name = EventMockData.swift; path = ../../../../../../../System/Volumes/Data/Users/scottotoole/Desktop/Festival/Festival/Screens/Events/EventMockData.swift; sourceTree = "<group>"; };
		054C356622ECE082001CA00F /* EventModel.swift */ = {isa = PBXFileReference; lastKnownFileType = sourcecode.swift; name = EventModel.swift; path = ../../../../../../../System/Volumes/Data/Users/scottotoole/Desktop/Festival/Festival/Screens/Events/EventModel.swift; sourceTree = "<group>"; };
		054C356822ED0456001CA00F /* water.mp4 */ = {isa = PBXFileReference; lastKnownFileType = file; path = water.mp4; sourceTree = "<group>"; };
		054C356B22ED0477001CA00F /* OceanBackground.swift */ = {isa = PBXFileReference; lastKnownFileType = sourcecode.swift; name = OceanBackground.swift; path = ../../../../../../../System/Volumes/Data/Users/scottotoole/Desktop/Festival/Festival/Screens/Login/OceanBackground.swift; sourceTree = "<group>"; };
		055FCBAB22EE319400DB80F8 /* LocationData.swift */ = {isa = PBXFileReference; lastKnownFileType = sourcecode.swift; name = LocationData.swift; path = ../../../../../../../System/Volumes/Data/Users/scottotoole/Desktop/Festival/Festival/Screens/Map/LocationData.swift; sourceTree = "<group>"; };
		055FCBAD22EE3C0D00DB80F8 /* MapViewEntry.swift */ = {isa = PBXFileReference; lastKnownFileType = sourcecode.swift; name = MapViewEntry.swift; path = ../../../../../../../System/Volumes/Data/Users/scottotoole/Desktop/Festival/Festival/Screens/Map/MapViewEntry.swift; sourceTree = "<group>"; };
		05721BAF22ECB45900DF44AC /* Festival.app */ = {isa = PBXFileReference; explicitFileType = wrapper.application; includeInIndex = 0; path = Festival.app; sourceTree = BUILT_PRODUCTS_DIR; };
		05721BB222ECB45900DF44AC /* AppDelegate.swift */ = {isa = PBXFileReference; lastKnownFileType = sourcecode.swift; path = AppDelegate.swift; sourceTree = "<group>"; };
		05721BB422ECB45900DF44AC /* SceneDelegate.swift */ = {isa = PBXFileReference; lastKnownFileType = sourcecode.swift; path = SceneDelegate.swift; sourceTree = "<group>"; };
		05721BB622ECB45900DF44AC /* ContentView.swift */ = {isa = PBXFileReference; lastKnownFileType = sourcecode.swift; path = ContentView.swift; sourceTree = "<group>"; };
		05721BB822ECB46100DF44AC /* Assets.xcassets */ = {isa = PBXFileReference; lastKnownFileType = folder.assetcatalog; path = Assets.xcassets; sourceTree = "<group>"; };
		05721BBB22ECB46100DF44AC /* Preview Assets.xcassets */ = {isa = PBXFileReference; lastKnownFileType = folder.assetcatalog; path = "Preview Assets.xcassets"; sourceTree = "<group>"; };
		05721BBE22ECB46100DF44AC /* Base */ = {isa = PBXFileReference; lastKnownFileType = file.storyboard; name = Base; path = Base.lproj/LaunchScreen.storyboard; sourceTree = "<group>"; };
		05721BC022ECB46100DF44AC /* Info.plist */ = {isa = PBXFileReference; lastKnownFileType = text.plist.xml; path = Info.plist; sourceTree = "<group>"; };
		05721BC522ECB46100DF44AC /* FestivalTests.xctest */ = {isa = PBXFileReference; explicitFileType = wrapper.cfbundle; includeInIndex = 0; path = FestivalTests.xctest; sourceTree = BUILT_PRODUCTS_DIR; };
		05721BC922ECB46100DF44AC /* FestivalTests.swift */ = {isa = PBXFileReference; lastKnownFileType = sourcecode.swift; path = FestivalTests.swift; sourceTree = "<group>"; };
		05721BCB22ECB46100DF44AC /* Info.plist */ = {isa = PBXFileReference; lastKnownFileType = text.plist.xml; path = Info.plist; sourceTree = "<group>"; };
		05721BD022ECB46100DF44AC /* FestivalUITests.xctest */ = {isa = PBXFileReference; explicitFileType = wrapper.cfbundle; includeInIndex = 0; path = FestivalUITests.xctest; sourceTree = BUILT_PRODUCTS_DIR; };
		05721BD422ECB46100DF44AC /* FestivalUITests.swift */ = {isa = PBXFileReference; lastKnownFileType = sourcecode.swift; path = FestivalUITests.swift; sourceTree = "<group>"; };
		05721BD622ECB46100DF44AC /* Info.plist */ = {isa = PBXFileReference; lastKnownFileType = text.plist.xml; path = Info.plist; sourceTree = "<group>"; };
		05721BE322ECB4BB00DF44AC /* Login.swift */ = {isa = PBXFileReference; lastKnownFileType = sourcecode.swift; path = Login.swift; sourceTree = "<group>"; };
		05721BE522ECB4C100DF44AC /* Map.swift */ = {isa = PBXFileReference; lastKnownFileType = sourcecode.swift; path = Map.swift; sourceTree = "<group>"; };
		05721BE722ECB4C700DF44AC /* Schedule.swift */ = {isa = PBXFileReference; lastKnownFileType = sourcecode.swift; path = Schedule.swift; sourceTree = "<group>"; };
		05721BE922ECB4CD00DF44AC /* Contact.swift */ = {isa = PBXFileReference; lastKnownFileType = sourcecode.swift; path = Contact.swift; sourceTree = "<group>"; };
		05721BEB22ECB4DA00DF44AC /* Reservation.swift */ = {isa = PBXFileReference; lastKnownFileType = sourcecode.swift; path = Reservation.swift; sourceTree = "<group>"; };
		05B757A522EE9CB3006CF564 /* EventsState.swift */ = {isa = PBXFileReference; lastKnownFileType = sourcecode.swift; name = EventsState.swift; path = ../../../../../../../System/Volumes/Data/Users/scottotoole/Desktop/Festival/Festival/Screens/Events/EventsState.swift; sourceTree = "<group>"; };
/* End PBXFileReference section */

/* Begin PBXFrameworksBuildPhase section */
		05721BAC22ECB45900DF44AC /* Frameworks */ = {
			isa = PBXFrameworksBuildPhase;
			buildActionMask = 2147483647;
			files = (
			);
			runOnlyForDeploymentPostprocessing = 0;
		};
		05721BC222ECB46100DF44AC /* Frameworks */ = {
			isa = PBXFrameworksBuildPhase;
			buildActionMask = 2147483647;
			files = (
			);
			runOnlyForDeploymentPostprocessing = 0;
		};
		05721BCD22ECB46100DF44AC /* Frameworks */ = {
			isa = PBXFrameworksBuildPhase;
			buildActionMask = 2147483647;
			files = (
			);
			runOnlyForDeploymentPostprocessing = 0;
		};
/* End PBXFrameworksBuildPhase section */

/* Begin PBXGroup section */
		0527E31F22ECB98700D79952 /* Map */ = {
			isa = PBXGroup;
			children = (
				05721BE522ECB4C100DF44AC /* Map.swift */,
				0527E32022ECB99B00D79952 /* MapRepresentable.swift */,
				055FCBAB22EE319400DB80F8 /* LocationData.swift */,
				055FCBAD22EE3C0D00DB80F8 /* MapViewEntry.swift */,
			);
			path = Map;
			sourceTree = "<group>";
		};
		054C355D22ECBD4C001CA00F /* Events */ = {
			isa = PBXGroup;
			children = (
				05721BE722ECB4C700DF44AC /* Schedule.swift */,
				054C356022ECD9C6001CA00F /* SingleEvent.swift */,
				054C356222ECD9EA001CA00F /* EventRow.swift */,
				054C356422ECDE0F001CA00F /* EventMockData.swift */,
				054C356622ECE082001CA00F /* EventModel.swift */,
				05B757A522EE9CB3006CF564 /* EventsState.swift */,
			);
			path = Events;
			sourceTree = "<group>";
		};
		054C356A22ED046A001CA00F /* Login */ = {
			isa = PBXGroup;
			children = (
				054C356B22ED0477001CA00F /* OceanBackground.swift */,
			);
			path = Login;
			sourceTree = "<group>";
		};
		05721BA622ECB45900DF44AC = {
			isa = PBXGroup;
			children = (
				05721BB122ECB45900DF44AC /* Festival */,
				05721BC822ECB46100DF44AC /* FestivalTests */,
				05721BD322ECB46100DF44AC /* FestivalUITests */,
				05721BB022ECB45900DF44AC /* Products */,
			);
			sourceTree = "<group>";
		};
		05721BB022ECB45900DF44AC /* Products */ = {
			isa = PBXGroup;
			children = (
				05721BAF22ECB45900DF44AC /* Festival.app */,
				05721BC522ECB46100DF44AC /* FestivalTests.xctest */,
				05721BD022ECB46100DF44AC /* FestivalUITests.xctest */,
			);
			name = Products;
			sourceTree = "<group>";
		};
		05721BB122ECB45900DF44AC /* Festival */ = {
			isa = PBXGroup;
			children = (
				054C356822ED0456001CA00F /* water.mp4 */,
				05721BE222ECB4A600DF44AC /* Screens */,
				05721BB222ECB45900DF44AC /* AppDelegate.swift */,
				05721BB422ECB45900DF44AC /* SceneDelegate.swift */,
				05721BB622ECB45900DF44AC /* ContentView.swift */,
				05721BB822ECB46100DF44AC /* Assets.xcassets */,
				05721BBD22ECB46100DF44AC /* LaunchScreen.storyboard */,
				05721BC022ECB46100DF44AC /* Info.plist */,
				05721BBA22ECB46100DF44AC /* Preview Content */,
			);
			path = Festival;
			sourceTree = "<group>";
		};
		05721BBA22ECB46100DF44AC /* Preview Content */ = {
			isa = PBXGroup;
			children = (
				05721BBB22ECB46100DF44AC /* Preview Assets.xcassets */,
			);
			path = "Preview Content";
			sourceTree = "<group>";
		};
		05721BC822ECB46100DF44AC /* FestivalTests */ = {
			isa = PBXGroup;
			children = (
				05721BC922ECB46100DF44AC /* FestivalTests.swift */,
				05721BCB22ECB46100DF44AC /* Info.plist */,
			);
			path = FestivalTests;
			sourceTree = "<group>";
		};
		05721BD322ECB46100DF44AC /* FestivalUITests */ = {
			isa = PBXGroup;
			children = (
				05721BD422ECB46100DF44AC /* FestivalUITests.swift */,
				05721BD622ECB46100DF44AC /* Info.plist */,
			);
			path = FestivalUITests;
			sourceTree = "<group>";
		};
		05721BE222ECB4A600DF44AC /* Screens */ = {
			isa = PBXGroup;
			children = (
				054C356A22ED046A001CA00F /* Login */,
				05721BE322ECB4BB00DF44AC /* Login.swift */,
				0527E31F22ECB98700D79952 /* Map */,
				054C355D22ECBD4C001CA00F /* Events */,
				05721BE922ECB4CD00DF44AC /* Contact.swift */,
				05721BEB22ECB4DA00DF44AC /* Reservation.swift */,
			);
			path = Screens;
			sourceTree = "<group>";
		};
/* End PBXGroup section */

/* Begin PBXNativeTarget section */
		05721BAE22ECB45900DF44AC /* Festival */ = {
			isa = PBXNativeTarget;
			buildConfigurationList = 05721BD922ECB46100DF44AC /* Build configuration list for PBXNativeTarget "Festival" */;
			buildPhases = (
				05721BAB22ECB45900DF44AC /* Sources */,
				05721BAC22ECB45900DF44AC /* Frameworks */,
				05721BAD22ECB45900DF44AC /* Resources */,
			);
			buildRules = (
			);
			dependencies = (
			);
			name = Festival;
			productName = Festival;
			productReference = 05721BAF22ECB45900DF44AC /* Festival.app */;
			productType = "com.apple.product-type.application";
		};
		05721BC422ECB46100DF44AC /* FestivalTests */ = {
			isa = PBXNativeTarget;
			buildConfigurationList = 05721BDC22ECB46100DF44AC /* Build configuration list for PBXNativeTarget "FestivalTests" */;
			buildPhases = (
				05721BC122ECB46100DF44AC /* Sources */,
				05721BC222ECB46100DF44AC /* Frameworks */,
				05721BC322ECB46100DF44AC /* Resources */,
			);
			buildRules = (
			);
			dependencies = (
				05721BC722ECB46100DF44AC /* PBXTargetDependency */,
			);
			name = FestivalTests;
			productName = FestivalTests;
			productReference = 05721BC522ECB46100DF44AC /* FestivalTests.xctest */;
			productType = "com.apple.product-type.bundle.unit-test";
		};
		05721BCF22ECB46100DF44AC /* FestivalUITests */ = {
			isa = PBXNativeTarget;
			buildConfigurationList = 05721BDF22ECB46100DF44AC /* Build configuration list for PBXNativeTarget "FestivalUITests" */;
			buildPhases = (
				05721BCC22ECB46100DF44AC /* Sources */,
				05721BCD22ECB46100DF44AC /* Frameworks */,
				05721BCE22ECB46100DF44AC /* Resources */,
			);
			buildRules = (
			);
			dependencies = (
				05721BD222ECB46100DF44AC /* PBXTargetDependency */,
			);
			name = FestivalUITests;
			productName = FestivalUITests;
			productReference = 05721BD022ECB46100DF44AC /* FestivalUITests.xctest */;
			productType = "com.apple.product-type.bundle.ui-testing";
		};
/* End PBXNativeTarget section */

/* Begin PBXProject section */
		05721BA722ECB45900DF44AC /* Project object */ = {
			isa = PBXProject;
			attributes = {
				LastSwiftUpdateCheck = 1100;
				LastUpgradeCheck = 1100;
				ORGANIZATIONNAME = "Scott OToole";
				TargetAttributes = {
					05721BAE22ECB45900DF44AC = {
						CreatedOnToolsVersion = 11.0;
					};
					05721BC422ECB46100DF44AC = {
						CreatedOnToolsVersion = 11.0;
						TestTargetID = 05721BAE22ECB45900DF44AC;
					};
					05721BCF22ECB46100DF44AC = {
						CreatedOnToolsVersion = 11.0;
						TestTargetID = 05721BAE22ECB45900DF44AC;
					};
				};
			};
			buildConfigurationList = 05721BAA22ECB45900DF44AC /* Build configuration list for PBXProject "Festival" */;
			compatibilityVersion = "Xcode 9.3";
			developmentRegion = en;
			hasScannedForEncodings = 0;
			knownRegions = (
				en,
				Base,
			);
			mainGroup = 05721BA622ECB45900DF44AC;
			productRefGroup = 05721BB022ECB45900DF44AC /* Products */;
			projectDirPath = "";
			projectRoot = "";
			targets = (
				05721BAE22ECB45900DF44AC /* Festival */,
				05721BC422ECB46100DF44AC /* FestivalTests */,
				05721BCF22ECB46100DF44AC /* FestivalUITests */,
			);
		};
/* End PBXProject section */

/* Begin PBXResourcesBuildPhase section */
		05721BAD22ECB45900DF44AC /* Resources */ = {
			isa = PBXResourcesBuildPhase;
			buildActionMask = 2147483647;
			files = (
				05721BBF22ECB46100DF44AC /* LaunchScreen.storyboard in Resources */,
				05721BBC22ECB46100DF44AC /* Preview Assets.xcassets in Resources */,
				05721BB922ECB46100DF44AC /* Assets.xcassets in Resources */,
				054C356922ED0456001CA00F /* water.mp4 in Resources */,
			);
			runOnlyForDeploymentPostprocessing = 0;
		};
		05721BC322ECB46100DF44AC /* Resources */ = {
			isa = PBXResourcesBuildPhase;
			buildActionMask = 2147483647;
			files = (
			);
			runOnlyForDeploymentPostprocessing = 0;
		};
		05721BCE22ECB46100DF44AC /* Resources */ = {
			isa = PBXResourcesBuildPhase;
			buildActionMask = 2147483647;
			files = (
			);
			runOnlyForDeploymentPostprocessing = 0;
		};
/* End PBXResourcesBuildPhase section */

/* Begin PBXSourcesBuildPhase section */
		05721BAB22ECB45900DF44AC /* Sources */ = {
			isa = PBXSourcesBuildPhase;
			buildActionMask = 2147483647;
			files = (
				054C356522ECDE0F001CA00F /* EventMockData.swift in Sources */,
				05721BE822ECB4C700DF44AC /* Schedule.swift in Sources */,
				05B757A622EE9CB3006CF564 /* EventsState.swift in Sources */,
				05721BE622ECB4C100DF44AC /* Map.swift in Sources */,
				0527E32122ECB99B00D79952 /* MapRepresentable.swift in Sources */,
				05721BB322ECB45900DF44AC /* AppDelegate.swift in Sources */,
				05721BB522ECB45900DF44AC /* SceneDelegate.swift in Sources */,
				05721BB722ECB45900DF44AC /* ContentView.swift in Sources */,
				05721BE422ECB4BB00DF44AC /* Login.swift in Sources */,
				055FCBAE22EE3C0D00DB80F8 /* MapViewEntry.swift in Sources */,
				054C356722ECE082001CA00F /* EventModel.swift in Sources */,
				055FCBAC22EE319400DB80F8 /* LocationData.swift in Sources */,
				054C356122ECD9C6001CA00F /* SingleEvent.swift in Sources */,
				054C356C22ED0477001CA00F /* OceanBackground.swift in Sources */,
				05721BEC22ECB4DA00DF44AC /* Reservation.swift in Sources */,
				05721BEA22ECB4CD00DF44AC /* Contact.swift in Sources */,
				054C356322ECD9EA001CA00F /* EventRow.swift in Sources */,
			);
			runOnlyForDeploymentPostprocessing = 0;
		};
		05721BC122ECB46100DF44AC /* Sources */ = {
			isa = PBXSourcesBuildPhase;
			buildActionMask = 2147483647;
			files = (
				05721BCA22ECB46100DF44AC /* FestivalTests.swift in Sources */,
			);
			runOnlyForDeploymentPostprocessing = 0;
		};
		05721BCC22ECB46100DF44AC /* Sources */ = {
			isa = PBXSourcesBuildPhase;
			buildActionMask = 2147483647;
			files = (
				05721BD522ECB46100DF44AC /* FestivalUITests.swift in Sources */,
			);
			runOnlyForDeploymentPostprocessing = 0;
		};
/* End PBXSourcesBuildPhase section */

/* Begin PBXTargetDependency section */
		05721BC722ECB46100DF44AC /* PBXTargetDependency */ = {
			isa = PBXTargetDependency;
			target = 05721BAE22ECB45900DF44AC /* Festival */;
			targetProxy = 05721BC622ECB46100DF44AC /* PBXContainerItemProxy */;
		};
		05721BD222ECB46100DF44AC /* PBXTargetDependency */ = {
			isa = PBXTargetDependency;
			target = 05721BAE22ECB45900DF44AC /* Festival */;
			targetProxy = 05721BD122ECB46100DF44AC /* PBXContainerItemProxy */;
		};
/* End PBXTargetDependency section */

/* Begin PBXVariantGroup section */
		05721BBD22ECB46100DF44AC /* LaunchScreen.storyboard */ = {
			isa = PBXVariantGroup;
			children = (
				05721BBE22ECB46100DF44AC /* Base */,
			);
			name = LaunchScreen.storyboard;
			sourceTree = "<group>";
		};
/* End PBXVariantGroup section */

/* Begin XCBuildConfiguration section */
		05721BD722ECB46100DF44AC /* Debug */ = {
			isa = XCBuildConfiguration;
			buildSettings = {
				ALWAYS_SEARCH_USER_PATHS = NO;
				CLANG_ANALYZER_NONNULL = YES;
				CLANG_ANALYZER_NUMBER_OBJECT_CONVERSION = YES_AGGRESSIVE;
				CLANG_CXX_LANGUAGE_STANDARD = "gnu++14";
				CLANG_CXX_LIBRARY = "libc++";
				CLANG_ENABLE_MODULES = YES;
				CLANG_ENABLE_OBJC_ARC = YES;
				CLANG_ENABLE_OBJC_WEAK = YES;
				CLANG_WARN_BLOCK_CAPTURE_AUTORELEASING = YES;
				CLANG_WARN_BOOL_CONVERSION = YES;
				CLANG_WARN_COMMA = YES;
				CLANG_WARN_CONSTANT_CONVERSION = YES;
				CLANG_WARN_DEPRECATED_OBJC_IMPLEMENTATIONS = YES;
				CLANG_WARN_DIRECT_OBJC_ISA_USAGE = YES_ERROR;
				CLANG_WARN_DOCUMENTATION_COMMENTS = YES;
				CLANG_WARN_EMPTY_BODY = YES;
				CLANG_WARN_ENUM_CONVERSION = YES;
				CLANG_WARN_INFINITE_RECURSION = YES;
				CLANG_WARN_INT_CONVERSION = YES;
				CLANG_WARN_NON_LITERAL_NULL_CONVERSION = YES;
				CLANG_WARN_OBJC_IMPLICIT_RETAIN_SELF = YES;
				CLANG_WARN_OBJC_LITERAL_CONVERSION = YES;
				CLANG_WARN_OBJC_ROOT_CLASS = YES_ERROR;
				CLANG_WARN_RANGE_LOOP_ANALYSIS = YES;
				CLANG_WARN_STRICT_PROTOTYPES = YES;
				CLANG_WARN_SUSPICIOUS_MOVE = YES;
				CLANG_WARN_UNGUARDED_AVAILABILITY = YES_AGGRESSIVE;
				CLANG_WARN_UNREACHABLE_CODE = YES;
				CLANG_WARN__DUPLICATE_METHOD_MATCH = YES;
				COPY_PHASE_STRIP = NO;
				DEBUG_INFORMATION_FORMAT = dwarf;
				ENABLE_STRICT_OBJC_MSGSEND = YES;
				ENABLE_TESTABILITY = YES;
				GCC_C_LANGUAGE_STANDARD = gnu11;
				GCC_DYNAMIC_NO_PIC = NO;
				GCC_NO_COMMON_BLOCKS = YES;
				GCC_OPTIMIZATION_LEVEL = 0;
				GCC_PREPROCESSOR_DEFINITIONS = (
					"DEBUG=1",
					"$(inherited)",
				);
				GCC_WARN_64_TO_32_BIT_CONVERSION = YES;
				GCC_WARN_ABOUT_RETURN_TYPE = YES_ERROR;
				GCC_WARN_UNDECLARED_SELECTOR = YES;
				GCC_WARN_UNINITIALIZED_AUTOS = YES_AGGRESSIVE;
				GCC_WARN_UNUSED_FUNCTION = YES;
				GCC_WARN_UNUSED_VARIABLE = YES;
				IPHONEOS_DEPLOYMENT_TARGET = 13.0;
				MTL_ENABLE_DEBUG_INFO = INCLUDE_SOURCE;
				MTL_FAST_MATH = YES;
				ONLY_ACTIVE_ARCH = YES;
				SDKROOT = iphoneos;
				SWIFT_ACTIVE_COMPILATION_CONDITIONS = DEBUG;
				SWIFT_OPTIMIZATION_LEVEL = "-Onone";
			};
			name = Debug;
		};
		05721BD822ECB46100DF44AC /* Release */ = {
			isa = XCBuildConfiguration;
			buildSettings = {
				ALWAYS_SEARCH_USER_PATHS = NO;
				CLANG_ANALYZER_NONNULL = YES;
				CLANG_ANALYZER_NUMBER_OBJECT_CONVERSION = YES_AGGRESSIVE;
				CLANG_CXX_LANGUAGE_STANDARD = "gnu++14";
				CLANG_CXX_LIBRARY = "libc++";
				CLANG_ENABLE_MODULES = YES;
				CLANG_ENABLE_OBJC_ARC = YES;
				CLANG_ENABLE_OBJC_WEAK = YES;
				CLANG_WARN_BLOCK_CAPTURE_AUTORELEASING = YES;
				CLANG_WARN_BOOL_CONVERSION = YES;
				CLANG_WARN_COMMA = YES;
				CLANG_WARN_CONSTANT_CONVERSION = YES;
				CLANG_WARN_DEPRECATED_OBJC_IMPLEMENTATIONS = YES;
				CLANG_WARN_DIRECT_OBJC_ISA_USAGE = YES_ERROR;
				CLANG_WARN_DOCUMENTATION_COMMENTS = YES;
				CLANG_WARN_EMPTY_BODY = YES;
				CLANG_WARN_ENUM_CONVERSION = YES;
				CLANG_WARN_INFINITE_RECURSION = YES;
				CLANG_WARN_INT_CONVERSION = YES;
				CLANG_WARN_NON_LITERAL_NULL_CONVERSION = YES;
				CLANG_WARN_OBJC_IMPLICIT_RETAIN_SELF = YES;
				CLANG_WARN_OBJC_LITERAL_CONVERSION = YES;
				CLANG_WARN_OBJC_ROOT_CLASS = YES_ERROR;
				CLANG_WARN_RANGE_LOOP_ANALYSIS = YES;
				CLANG_WARN_STRICT_PROTOTYPES = YES;
				CLANG_WARN_SUSPICIOUS_MOVE = YES;
				CLANG_WARN_UNGUARDED_AVAILABILITY = YES_AGGRESSIVE;
				CLANG_WARN_UNREACHABLE_CODE = YES;
				CLANG_WARN__DUPLICATE_METHOD_MATCH = YES;
				COPY_PHASE_STRIP = NO;
				DEBUG_INFORMATION_FORMAT = "dwarf-with-dsym";
				ENABLE_NS_ASSERTIONS = NO;
				ENABLE_STRICT_OBJC_MSGSEND = YES;
				GCC_C_LANGUAGE_STANDARD = gnu11;
				GCC_NO_COMMON_BLOCKS = YES;
				GCC_WARN_64_TO_32_BIT_CONVERSION = YES;
				GCC_WARN_ABOUT_RETURN_TYPE = YES_ERROR;
				GCC_WARN_UNDECLARED_SELECTOR = YES;
				GCC_WARN_UNINITIALIZED_AUTOS = YES_AGGRESSIVE;
				GCC_WARN_UNUSED_FUNCTION = YES;
				GCC_WARN_UNUSED_VARIABLE = YES;
				IPHONEOS_DEPLOYMENT_TARGET = 13.0;
				MTL_ENABLE_DEBUG_INFO = NO;
				MTL_FAST_MATH = YES;
				SDKROOT = iphoneos;
				SWIFT_COMPILATION_MODE = wholemodule;
				SWIFT_OPTIMIZATION_LEVEL = "-O";
				VALIDATE_PRODUCT = YES;
			};
			name = Release;
		};
		05721BDA22ECB46100DF44AC /* Debug */ = {
			isa = XCBuildConfiguration;
			buildSettings = {
				ASSETCATALOG_COMPILER_APPICON_NAME = AppIcon;
				CODE_SIGN_STYLE = Automatic;
				DEVELOPMENT_ASSET_PATHS = "Festival/Preview\\ Content";
				DEVELOPMENT_TEAM = Q5Z57QH4B2;
				ENABLE_PREVIEWS = YES;
				INFOPLIST_FILE = Festival/Info.plist;
				LD_RUNPATH_SEARCH_PATHS = (
					"$(inherited)",
					"@executable_path/Frameworks",
				);
				PRODUCT_BUNDLE_IDENTIFIER = com.test.adsfadsfadsf.Festival;
				PRODUCT_NAME = "$(TARGET_NAME)";
				SWIFT_VERSION = 5.0;
				TARGETED_DEVICE_FAMILY = "1,2";
			};
			name = Debug;
		};
		05721BDB22ECB46100DF44AC /* Release */ = {
			isa = XCBuildConfiguration;
			buildSettings = {
				ASSETCATALOG_COMPILER_APPICON_NAME = AppIcon;
				CODE_SIGN_STYLE = Automatic;
				DEVELOPMENT_ASSET_PATHS = "Festival/Preview\\ Content";
				DEVELOPMENT_TEAM = Q5Z57QH4B2;
				ENABLE_PREVIEWS = YES;
				INFOPLIST_FILE = Festival/Info.plist;
				LD_RUNPATH_SEARCH_PATHS = (
					"$(inherited)",
					"@executable_path/Frameworks",
				);
				PRODUCT_BUNDLE_IDENTIFIER = com.test.adsfadsfadsf.Festival;
				PRODUCT_NAME = "$(TARGET_NAME)";
				SWIFT_VERSION = 5.0;
				TARGETED_DEVICE_FAMILY = "1,2";
			};
			name = Release;
		};
		05721BDD22ECB46100DF44AC /* Debug */ = {
			isa = XCBuildConfiguration;
			buildSettings = {
				ALWAYS_EMBED_SWIFT_STANDARD_LIBRARIES = YES;
				BUNDLE_LOADER = "$(TEST_HOST)";
				CODE_SIGN_STYLE = Automatic;
				DEVELOPMENT_TEAM = Q5Z57QH4B2;
				INFOPLIST_FILE = FestivalTests/Info.plist;
				LD_RUNPATH_SEARCH_PATHS = (
					"$(inherited)",
					"@executable_path/Frameworks",
					"@loader_path/Frameworks",
				);
				PRODUCT_BUNDLE_IDENTIFIER = com.test.adsfadsfadsf.FestivalTests;
				PRODUCT_NAME = "$(TARGET_NAME)";
				SWIFT_VERSION = 5.0;
				TARGETED_DEVICE_FAMILY = "1,2";
				TEST_HOST = "$(BUILT_PRODUCTS_DIR)/Festival.app/Festival";
			};
			name = Debug;
		};
		05721BDE22ECB46100DF44AC /* Release */ = {
			isa = XCBuildConfiguration;
			buildSettings = {
				ALWAYS_EMBED_SWIFT_STANDARD_LIBRARIES = YES;
				BUNDLE_LOADER = "$(TEST_HOST)";
				CODE_SIGN_STYLE = Automatic;
				DEVELOPMENT_TEAM = Q5Z57QH4B2;
				INFOPLIST_FILE = FestivalTests/Info.plist;
				LD_RUNPATH_SEARCH_PATHS = (
					"$(inherited)",
					"@executable_path/Frameworks",
					"@loader_path/Frameworks",
				);
				PRODUCT_BUNDLE_IDENTIFIER = com.test.adsfadsfadsf.FestivalTests;
				PRODUCT_NAME = "$(TARGET_NAME)";
				SWIFT_VERSION = 5.0;
				TARGETED_DEVICE_FAMILY = "1,2";
				TEST_HOST = "$(BUILT_PRODUCTS_DIR)/Festival.app/Festival";
			};
			name = Release;
		};
		05721BE022ECB46100DF44AC /* Debug */ = {
			isa = XCBuildConfiguration;
			buildSettings = {
				ALWAYS_EMBED_SWIFT_STANDARD_LIBRARIES = YES;
				CODE_SIGN_STYLE = Automatic;
				DEVELOPMENT_TEAM = Q5Z57QH4B2;
				INFOPLIST_FILE = FestivalUITests/Info.plist;
				LD_RUNPATH_SEARCH_PATHS = (
					"$(inherited)",
					"@executable_path/Frameworks",
					"@loader_path/Frameworks",
				);
				PRODUCT_BUNDLE_IDENTIFIER = com.test.adsfadsfadsf.FestivalUITests;
				PRODUCT_NAME = "$(TARGET_NAME)";
				SWIFT_VERSION = 5.0;
				TARGETED_DEVICE_FAMILY = "1,2";
				TEST_TARGET_NAME = Festival;
			};
			name = Debug;
		};
		05721BE122ECB46100DF44AC /* Release */ = {
			isa = XCBuildConfiguration;
			buildSettings = {
				ALWAYS_EMBED_SWIFT_STANDARD_LIBRARIES = YES;
				CODE_SIGN_STYLE = Automatic;
				DEVELOPMENT_TEAM = Q5Z57QH4B2;
				INFOPLIST_FILE = FestivalUITests/Info.plist;
				LD_RUNPATH_SEARCH_PATHS = (
					"$(inherited)",
					"@executable_path/Frameworks",
					"@loader_path/Frameworks",
				);
				PRODUCT_BUNDLE_IDENTIFIER = com.test.adsfadsfadsf.FestivalUITests;
				PRODUCT_NAME = "$(TARGET_NAME)";
				SWIFT_VERSION = 5.0;
				TARGETED_DEVICE_FAMILY = "1,2";
				TEST_TARGET_NAME = Festival;
			};
			name = Release;
		};
/* End XCBuildConfiguration section */

/* Begin XCConfigurationList section */
		05721BAA22ECB45900DF44AC /* Build configuration list for PBXProject "Festival" */ = {
			isa = XCConfigurationList;
			buildConfigurations = (
				05721BD722ECB46100DF44AC /* Debug */,
				05721BD822ECB46100DF44AC /* Release */,
			);
			defaultConfigurationIsVisible = 0;
			defaultConfigurationName = Release;
		};
		05721BD922ECB46100DF44AC /* Build configuration list for PBXNativeTarget "Festival" */ = {
			isa = XCConfigurationList;
			buildConfigurations = (
				05721BDA22ECB46100DF44AC /* Debug */,
				05721BDB22ECB46100DF44AC /* Release */,
			);
			defaultConfigurationIsVisible = 0;
			defaultConfigurationName = Release;
		};
		05721BDC22ECB46100DF44AC /* Build configuration list for PBXNativeTarget "FestivalTests" */ = {
			isa = XCConfigurationList;
			buildConfigurations = (
				05721BDD22ECB46100DF44AC /* Debug */,
				05721BDE22ECB46100DF44AC /* Release */,
			);
			defaultConfigurationIsVisible = 0;
			defaultConfigurationName = Release;
		};
		05721BDF22ECB46100DF44AC /* Build configuration list for PBXNativeTarget "FestivalUITests" */ = {
			isa = XCConfigurationList;
			buildConfigurations = (
				05721BE022ECB46100DF44AC /* Debug */,
				05721BE122ECB46100DF44AC /* Release */,
			);
			defaultConfigurationIsVisible = 0;
			defaultConfigurationName = Release;
		};
/* End XCConfigurationList section */
	};
	rootObject = 05721BA722ECB45900DF44AC /* Project object */;
}
